
Microsoft Visual Studio Solution File, Format Version 12.00
Project("{FAE04EC0-301F-11D3-BF4B-00C04F79EFBC}") = "ScriptService", "ScriptService\ScriptService.csproj", "{8C6C084F-5807-4689-8657-47475CA77A56}"
EndProject
Project("{FAE04EC0-301F-11D3-BF4B-00C04F79EFBC}") = "DataService", "DataService\DataService.csproj", "{7FB82355-CCFC-4220-B344-27A9BCA44F27}"
EndProject
Project("{FAE04EC0-301F-11D3-BF4B-00C04F79EFBC}") = "StatPresentation", "StatPresentation\StatPresentation.csproj", "{7AEADFAE-F34D-4BA4-A7C9-428059AE391C}"
EndProject
Project("{FAE04EC0-301F-11D3-BF4B-00C04F79EFBC}") = "ScriptProviderService", "ScriptProviderService\ScriptProviderService.csproj", "{18CFABD7-68CE-40AF-8617-9E44724738A2}"
EndProject
Project("{FAE04EC0-301F-11D3-BF4B-00C04F79EFBC}") = "MetricService", "MetricService\MetricService.csproj", "{5F4E2B34-DE91-4DF4-9E15-5755833ABF04}"
EndProject
Project("{FAE04EC0-301F-11D3-BF4B-00C04F79EFBC}") = "Common", "Common\Common.csproj", "{2FBA886A-AFBA-4599-AAF8-807E0658D033}"
EndProject
Global
	GlobalSection(SolutionConfigurationPlatforms) = preSolution
		Debug|Any CPU = Debug|Any CPU
		Release|Any CPU = Release|Any CPU
	EndGlobalSection
	GlobalSection(ProjectConfigurationPlatforms) = postSolution
		{8C6C084F-5807-4689-8657-47475CA77A56}.Debug|Any CPU.ActiveCfg = Debug|Any CPU
		{8C6C084F-5807-4689-8657-47475CA77A56}.Debug|Any CPU.Build.0 = Debug|Any CPU
		{8C6C084F-5807-4689-8657-47475CA77A56}.Release|Any CPU.ActiveCfg = Release|Any CPU
		{8C6C084F-5807-4689-8657-47475CA77A56}.Release|Any CPU.Build.0 = Release|Any CPU
		{7FB82355-CCFC-4220-B344-27A9BCA44F27}.Debug|Any CPU.ActiveCfg = Debug|Any CPU
		{7FB82355-CCFC-4220-B344-27A9BCA44F27}.Debug|Any CPU.Build.0 = Debug|Any CPU
		{7FB82355-CCFC-4220-B344-27A9BCA44F27}.Release|Any CPU.ActiveCfg = Release|Any CPU
		{7FB82355-CCFC-4220-B344-27A9BCA44F27}.Release|Any CPU.Build.0 = Release|Any CPU
		{7AEADFAE-F34D-4BA4-A7C9-428059AE391C}.Debug|Any CPU.ActiveCfg = Debug|Any CPU
		{7AEADFAE-F34D-4BA4-A7C9-428059AE391C}.Debug|Any CPU.Build.0 = Debug|Any CPU
		{7AEADFAE-F34D-4BA4-A7C9-428059AE391C}.Release|Any CPU.ActiveCfg = Release|Any CPU
		{7AEADFAE-F34D-4BA4-A7C9-428059AE391C}.Release|Any CPU.Build.0 = Release|Any CPU
		{18CFABD7-68CE-40AF-8617-9E44724738A2}.Debug|Any CPU.ActiveCfg = Debug|Any CPU
		{18CFABD7-68CE-40AF-8617-9E44724738A2}.Debug|Any CPU.Build.0 = Debug|Any CPU
		{18CFABD7-68CE-40AF-8617-9E44724738A2}.Release|Any CPU.ActiveCfg = Release|Any CPU
		{18CFABD7-68CE-40AF-8617-9E44724738A2}.Release|Any CPU.Build.0 = Release|Any CPU
		{5F4E2B34-DE91-4DF4-9E15-5755833ABF04}.Debug|Any CPU.ActiveCfg = Debug|Any CPU
		{5F4E2B34-DE91-4DF4-9E15-5755833ABF04}.Debug|Any CPU.Build.0 = Debug|Any CPU
		{5F4E2B34-DE91-4DF4-9E15-5755833ABF04}.Release|Any CPU.ActiveCfg = Release|Any CPU
		{5F4E2B34-DE91-4DF4-9E15-5755833ABF04}.Release|Any CPU.Build.0 = Release|Any CPU
		{2FBA886A-AFBA-4599-AAF8-807E0658D033}.Debug|Any CPU.ActiveCfg = Debug|Any CPU
		{2FBA886A-AFBA-4599-AAF8-807E0658D033}.Debug|Any CPU.Build.0 = Debug|Any CPU
		{2FBA886A-AFBA-4599-AAF8-807E0658D033}.Release|Any CPU.ActiveCfg = Release|Any CPU
		{2FBA886A-AFBA-4599-AAF8-807E0658D033}.Release|Any CPU.Build.0 = Release|Any CPU
	EndGlobalSection
EndGlobal
